
Microsoft Visual Studio Solution File, Format Version 12.00
# Visual Studio Version 16
VisualStudioVersion = 16.0.29201.188
MinimumVisualStudioVersion = 10.0.40219.1
Project("{FAE04EC0-301F-11D3-BF4B-00C04F79EFBC}") = "University.web", "University.web\University.web.csproj", "{B5FF4A0F-D88F-4DF0-9F0B-79CE8720B2AA}"
EndProject
Project("{FAE04EC0-301F-11D3-BF4B-00C04F79EFBC}") = "University.BL", "University.BL\University.BL.csproj", "{1432B4E7-6A66-4F60-8E8F-24C3E5763CD2}"
EndProject
Global
	GlobalSection(SolutionConfigurationPlatforms) = preSolution
		Debug|Any CPU = Debug|Any CPU
		Release|Any CPU = Release|Any CPU
	EndGlobalSection
	GlobalSection(ProjectConfigurationPlatforms) = postSolution
		{B5FF4A0F-D88F-4DF0-9F0B-79CE8720B2AA}.Debug|Any CPU.ActiveCfg = Debug|Any CPU
		{B5FF4A0F-D88F-4DF0-9F0B-79CE8720B2AA}.Debug|Any CPU.Build.0 = Debug|Any CPU
		{B5FF4A0F-D88F-4DF0-9F0B-79CE8720B2AA}.Release|Any CPU.ActiveCfg = Release|Any CPU
		{B5FF4A0F-D88F-4DF0-9F0B-79CE8720B2AA}.Release|Any CPU.Build.0 = Release|Any CPU
		{1432B4E7-6A66-4F60-8E8F-24C3E5763CD2}.Debug|Any CPU.ActiveCfg = Debug|Any CPU
		{1432B4E7-6A66-4F60-8E8F-24C3E5763CD2}.Debug|Any CPU.Build.0 = Debug|Any CPU
		{1432B4E7-6A66-4F60-8E8F-24C3E5763CD2}.Release|Any CPU.ActiveCfg = Release|Any CPU
		{1432B4E7-6A66-4F60-8E8F-24C3E5763CD2}.Release|Any CPU.Build.0 = Release|Any CPU
	EndGlobalSection
	GlobalSection(SolutionProperties) = preSolution
		HideSolutionNode = FALSE
	EndGlobalSection
	GlobalSection(ExtensibilityGlobals) = postSolution
		SolutionGuid = {3F1D8428-6A7C-4355-887E-56F97F669D0C}
	EndGlobalSection
EndGlobal
